<Solution>
  <Folder Name="/github/">
    <File Path="../.github/workflows/ci.yml" />
  </Folder>
  <Folder Name="/solution/">
    <File Path="Directory.Build.props" />
    <File Path="Directory.Packages.props" />
  </Folder>
  <Project Path="Claudinine.Tests/Claudinine.Tests.csproj" />
  <Project Path="Claudinine/Claudinine.csproj" />
</Solution>
